
Microsoft Visual Studio Solution File, Format Version 12.00
# Visual Studio Version 17
VisualStudioVersion = 17.7.33711.374
MinimumVisualStudioVersion = 15.0.26124.0
Project("{2150E333-8FDC-42A3-9474-1A3956D46DE8}") = "Solution Items", "Solution Items", "{1CE9670B-D5FF-46A7-9D00-24E70E6ED48B}"
	ProjectSection(SolutionItems) = preProject
		.editorconfig = .editorconfig
		Directory.Build.props = Directory.Build.props
		Directory.Build.targets = Directory.Build.targets
		Directory.Packages.props = Directory.Packages.props
		global.json = global.json
		nuget.config = nuget.config
		README.md = README.md
		stylecop.json = stylecop.json
		version.json = version.json
	EndProjectSection
EndProject
Project("{2150E333-8FDC-42A3-9474-1A3956D46DE8}") = "src", "src", "{9E154A29-1796-4B85-BD81-B6A385D8FF71}"
	ProjectSection(SolutionItems) = preProject
		src\.editorconfig = src\.editorconfig
		src\Directory.Build.props = src\Directory.Build.props
		src\Directory.Build.targets = src\Directory.Build.targets
	EndProjectSection
EndProject
Project("{2150E333-8FDC-42A3-9474-1A3956D46DE8}") = "test", "test", "{36CCE840-6FE5-4DB9-A8D5-8CF3CB6D342A}"
	ProjectSection(SolutionItems) = preProject
		test\.editorconfig = test\.editorconfig
		test\Directory.Build.props = test\Directory.Build.props
		test\Directory.Build.targets = test\Directory.Build.targets
	EndProjectSection
EndProject
Project("{2150E333-8FDC-42A3-9474-1A3956D46DE8}") = "src", "src", "{039AD34D-47FC-44B5-8E8C-8BA71D152D38}"
EndProject
Project("{9A19103F-16F7-4668-BE54-9A1E7A4F7556}") = "VisualTestUtils", "src\VisualTestUtils\VisualTestUtils.csproj", "{4DE3D23D-87FE-420B-9631-2B1B07EA1B1F}"
EndProject
Project("{2150E333-8FDC-42A3-9474-1A3956D46DE8}") = "test", "test", "{242601E5-11BE-46AF-ABAB-E2AD00E00F53}"
EndProject
Project("{9A19103F-16F7-4668-BE54-9A1E7A4F7556}") = "VisualTestUtils.Tests", "test\VisualTestUtils.Tests\VisualTestUtils.Tests.csproj", "{BD2A8C96-B06A-4D36-A95A-A08834C81BB6}"
EndProject
Project("{9A19103F-16F7-4668-BE54-9A1E7A4F7556}") = "VisualTestUtils.ImageHash", "src\VisualTestUtils.ImageHash\VisualTestUtils.ImageHash.csproj", "{6C4D371A-9113-4DA9-A49E-D86FB8D9124E}"
EndProject
Project("{9A19103F-16F7-4668-BE54-9A1E7A4F7556}") = "VisualTestUtils.MagickNet", "src\VisualTestUtils.MagickNet\VisualTestUtils.MagickNet.csproj", "{1E00D68D-3825-4701-98F8-8AD5963E60BB}"
EndProject
Project("{9A19103F-16F7-4668-BE54-9A1E7A4F7556}") = "VisualTestUtils.AppConnector", "src\VisualTestUtils.AppConnector\VisualTestUtils.AppConnector.csproj", "{158EE0B3-4917-452A-B324-5C1FA012D9F0}"
EndProject
Project("{2150E333-8FDC-42A3-9474-1A3956D46DE8}") = "samples", "samples", "{48F47B9D-3F84-44FC-85C4-FFBC56DD24AD}"
EndProject
Project("{9A19103F-16F7-4668-BE54-9A1E7A4F7556}") = "SandboxController", "samples\SandboxController\SandboxController.csproj", "{F93A62A4-67A0-4986-AA1E-1D9842A7ADA8}"
EndProject
Project("{FAE04EC0-301F-11D3-BF4B-00C04F79EFBC}") = "MauiSandboxApp", "samples\MauiSandboxApp\MauiSandboxApp.csproj", "{981F87A1-33EE-4780-9751-C7A871D8210C}"
EndProject
Global
	GlobalSection(SolutionConfigurationPlatforms) = preSolution
		Debug|Any CPU = Debug|Any CPU
		Release|Any CPU = Release|Any CPU
	EndGlobalSection
	GlobalSection(ProjectConfigurationPlatforms) = postSolution
		{4DE3D23D-87FE-420B-9631-2B1B07EA1B1F}.Debug|Any CPU.ActiveCfg = Debug|Any CPU
		{4DE3D23D-87FE-420B-9631-2B1B07EA1B1F}.Debug|Any CPU.Build.0 = Debug|Any CPU
		{4DE3D23D-87FE-420B-9631-2B1B07EA1B1F}.Release|Any CPU.ActiveCfg = Release|Any CPU
		{4DE3D23D-87FE-420B-9631-2B1B07EA1B1F}.Release|Any CPU.Build.0 = Release|Any CPU
		{BD2A8C96-B06A-4D36-A95A-A08834C81BB6}.Debug|Any CPU.ActiveCfg = Debug|Any CPU
		{BD2A8C96-B06A-4D36-A95A-A08834C81BB6}.Debug|Any CPU.Build.0 = Debug|Any CPU
		{BD2A8C96-B06A-4D36-A95A-A08834C81BB6}.Release|Any CPU.ActiveCfg = Release|Any CPU
		{BD2A8C96-B06A-4D36-A95A-A08834C81BB6}.Release|Any CPU.Build.0 = Release|Any CPU
		{6C4D371A-9113-4DA9-A49E-D86FB8D9124E}.Debug|Any CPU.ActiveCfg = Debug|Any CPU
		{6C4D371A-9113-4DA9-A49E-D86FB8D9124E}.Debug|Any CPU.Build.0 = Debug|Any CPU
		{6C4D371A-9113-4DA9-A49E-D86FB8D9124E}.Release|Any CPU.ActiveCfg = Release|Any CPU
		{6C4D371A-9113-4DA9-A49E-D86FB8D9124E}.Release|Any CPU.Build.0 = Release|Any CPU
		{1E00D68D-3825-4701-98F8-8AD5963E60BB}.Debug|Any CPU.ActiveCfg = Debug|Any CPU
		{1E00D68D-3825-4701-98F8-8AD5963E60BB}.Debug|Any CPU.Build.0 = Debug|Any CPU
		{1E00D68D-3825-4701-98F8-8AD5963E60BB}.Release|Any CPU.ActiveCfg = Release|Any CPU
		{1E00D68D-3825-4701-98F8-8AD5963E60BB}.Release|Any CPU.Build.0 = Release|Any CPU
		{158EE0B3-4917-452A-B324-5C1FA012D9F0}.Debug|Any CPU.ActiveCfg = Debug|Any CPU
		{158EE0B3-4917-452A-B324-5C1FA012D9F0}.Debug|Any CPU.Build.0 = Debug|Any CPU
		{158EE0B3-4917-452A-B324-5C1FA012D9F0}.Release|Any CPU.ActiveCfg = Release|Any CPU
		{158EE0B3-4917-452A-B324-5C1FA012D9F0}.Release|Any CPU.Build.0 = Release|Any CPU
		{F93A62A4-67A0-4986-AA1E-1D9842A7ADA8}.Debug|Any CPU.ActiveCfg = Debug|Any CPU
		{F93A62A4-67A0-4986-AA1E-1D9842A7ADA8}.Debug|Any CPU.Build.0 = Debug|Any CPU
		{F93A62A4-67A0-4986-AA1E-1D9842A7ADA8}.Release|Any CPU.ActiveCfg = Release|Any CPU
		{F93A62A4-67A0-4986-AA1E-1D9842A7ADA8}.Release|Any CPU.Build.0 = Release|Any CPU
		{981F87A1-33EE-4780-9751-C7A871D8210C}.Debug|Any CPU.ActiveCfg = Debug|Any CPU
		{981F87A1-33EE-4780-9751-C7A871D8210C}.Debug|Any CPU.Build.0 = Debug|Any CPU
		{981F87A1-33EE-4780-9751-C7A871D8210C}.Debug|Any CPU.Deploy.0 = Debug|Any CPU
		{981F87A1-33EE-4780-9751-C7A871D8210C}.Release|Any CPU.ActiveCfg = Release|Any CPU
		{981F87A1-33EE-4780-9751-C7A871D8210C}.Release|Any CPU.Build.0 = Release|Any CPU
		{981F87A1-33EE-4780-9751-C7A871D8210C}.Release|Any CPU.Deploy.0 = Release|Any CPU
	EndGlobalSection
	GlobalSection(SolutionProperties) = preSolution
		HideSolutionNode = FALSE
	EndGlobalSection
	GlobalSection(NestedProjects) = preSolution
		{9E154A29-1796-4B85-BD81-B6A385D8FF71} = {1CE9670B-D5FF-46A7-9D00-24E70E6ED48B}
		{36CCE840-6FE5-4DB9-A8D5-8CF3CB6D342A} = {1CE9670B-D5FF-46A7-9D00-24E70E6ED48B}
		{4DE3D23D-87FE-420B-9631-2B1B07EA1B1F} = {039AD34D-47FC-44B5-8E8C-8BA71D152D38}
		{BD2A8C96-B06A-4D36-A95A-A08834C81BB6} = {242601E5-11BE-46AF-ABAB-E2AD00E00F53}
		{6C4D371A-9113-4DA9-A49E-D86FB8D9124E} = {039AD34D-47FC-44B5-8E8C-8BA71D152D38}
		{1E00D68D-3825-4701-98F8-8AD5963E60BB} = {039AD34D-47FC-44B5-8E8C-8BA71D152D38}
		{158EE0B3-4917-452A-B324-5C1FA012D9F0} = {039AD34D-47FC-44B5-8E8C-8BA71D152D38}
		{F93A62A4-67A0-4986-AA1E-1D9842A7ADA8} = {48F47B9D-3F84-44FC-85C4-FFBC56DD24AD}
		{981F87A1-33EE-4780-9751-C7A871D8210C} = {48F47B9D-3F84-44FC-85C4-FFBC56DD24AD}
	EndGlobalSection
	GlobalSection(ExtensibilityGlobals) = postSolution
		SolutionGuid = {E3944F6A-384B-4B0F-B93F-3BD513DC57BD}
	EndGlobalSection
EndGlobal
